
Microsoft Visual Studio Solution File, Format Version 12.00
# Visual Studio Version 16
VisualStudioVersion = 16.0.31829.152
MinimumVisualStudioVersion = 10.0.40219.1
Project("{FAE04EC0-301F-11D3-BF4B-00C04F79EFBC}") = "base1_Lesson6", "base1_Lesson6\base1_Lesson6.csproj", "{4966F2F1-6D70-445F-8559-C12B29D3BE7E}"
EndProject
Project("{FAE04EC0-301F-11D3-BF4B-00C04F79EFBC}") = "base2_Lesson6", "..\base2_Lesson6\base2_Lesson6.csproj", "{16D777EF-184C-4256-A0AC-D5B63F1C8438}"
EndProject
Global
	GlobalSection(SolutionConfigurationPlatforms) = preSolution
		Debug|Any CPU = Debug|Any CPU
		Release|Any CPU = Release|Any CPU
	EndGlobalSection
	GlobalSection(ProjectConfigurationPlatforms) = postSolution
		{4966F2F1-6D70-445F-8559-C12B29D3BE7E}.Debug|Any CPU.ActiveCfg = Debug|Any CPU
		{4966F2F1-6D70-445F-8559-C12B29D3BE7E}.Debug|Any CPU.Build.0 = Debug|Any CPU
		{4966F2F1-6D70-445F-8559-C12B29D3BE7E}.Release|Any CPU.ActiveCfg = Release|Any CPU
		{4966F2F1-6D70-445F-8559-C12B29D3BE7E}.Release|Any CPU.Build.0 = Release|Any CPU
		{16D777EF-184C-4256-A0AC-D5B63F1C8438}.Debug|Any CPU.ActiveCfg = Debug|Any CPU
		{16D777EF-184C-4256-A0AC-D5B63F1C8438}.Debug|Any CPU.Build.0 = Debug|Any CPU
		{16D777EF-184C-4256-A0AC-D5B63F1C8438}.Release|Any CPU.ActiveCfg = Release|Any CPU
		{16D777EF-184C-4256-A0AC-D5B63F1C8438}.Release|Any CPU.Build.0 = Release|Any CPU
	EndGlobalSection
	GlobalSection(SolutionProperties) = preSolution
		HideSolutionNode = FALSE
	EndGlobalSection
	GlobalSection(ExtensibilityGlobals) = postSolution
		SolutionGuid = {F3B8E66E-FE1A-4B4F-9C7F-2E785C561F94}
	EndGlobalSection
EndGlobal
